
Microsoft Visual Studio Solution File, Format Version 12.00
# Visual Studio Version 16
VisualStudioVersion = 16.0.29911.84
MinimumVisualStudioVersion = 10.0.40219.1
Project("{FAE04EC0-301F-11D3-BF4B-00C04F79EFBC}") = "BookStoreApplication", "BookStoreApplication.csproj", "{7C0D7119-E7CE-49F3-BCA4-AD94E34376C5}"
EndProject
Project("{FAE04EC0-301F-11D3-BF4B-00C04F79EFBC}") = "BookStoreModelLayer", "..\BookStoreModelLayer\BookStoreModelLayer.csproj", "{323DED8F-A004-45CC-8A5D-4DAD89EE8B67}"
EndProject
Project("{FAE04EC0-301F-11D3-BF4B-00C04F79EFBC}") = "BookStoreManagerLayer", "..\BookStoreManagerLayer\BookStoreManagerLayer.csproj", "{676CC115-94ED-4141-BF39-1E982D29200E}"
EndProject
Project("{FAE04EC0-301F-11D3-BF4B-00C04F79EFBC}") = "BookStoreRepositoryLayer", "..\BookStoreRepositoryLayer\BookStoreRepositoryLayer.csproj", "{D28EF439-551C-4BC0-B174-48432A0C89F1}"
EndProject
Global
	GlobalSection(SolutionConfigurationPlatforms) = preSolution
		Debug|Any CPU = Debug|Any CPU
		Release|Any CPU = Release|Any CPU
	EndGlobalSection
	GlobalSection(ProjectConfigurationPlatforms) = postSolution
		{7C0D7119-E7CE-49F3-BCA4-AD94E34376C5}.Debug|Any CPU.ActiveCfg = Debug|Any CPU
		{7C0D7119-E7CE-49F3-BCA4-AD94E34376C5}.Debug|Any CPU.Build.0 = Debug|Any CPU
		{7C0D7119-E7CE-49F3-BCA4-AD94E34376C5}.Release|Any CPU.ActiveCfg = Release|Any CPU
		{7C0D7119-E7CE-49F3-BCA4-AD94E34376C5}.Release|Any CPU.Build.0 = Release|Any CPU
		{323DED8F-A004-45CC-8A5D-4DAD89EE8B67}.Debug|Any CPU.ActiveCfg = Debug|Any CPU
		{323DED8F-A004-45CC-8A5D-4DAD89EE8B67}.Debug|Any CPU.Build.0 = Debug|Any CPU
		{323DED8F-A004-45CC-8A5D-4DAD89EE8B67}.Release|Any CPU.ActiveCfg = Release|Any CPU
		{323DED8F-A004-45CC-8A5D-4DAD89EE8B67}.Release|Any CPU.Build.0 = Release|Any CPU
		{676CC115-94ED-4141-BF39-1E982D29200E}.Debug|Any CPU.ActiveCfg = Debug|Any CPU
		{676CC115-94ED-4141-BF39-1E982D29200E}.Debug|Any CPU.Build.0 = Debug|Any CPU
		{676CC115-94ED-4141-BF39-1E982D29200E}.Release|Any CPU.ActiveCfg = Release|Any CPU
		{676CC115-94ED-4141-BF39-1E982D29200E}.Release|Any CPU.Build.0 = Release|Any CPU
		{D28EF439-551C-4BC0-B174-48432A0C89F1}.Debug|Any CPU.ActiveCfg = Debug|Any CPU
		{D28EF439-551C-4BC0-B174-48432A0C89F1}.Debug|Any CPU.Build.0 = Debug|Any CPU
		{D28EF439-551C-4BC0-B174-48432A0C89F1}.Release|Any CPU.ActiveCfg = Release|Any CPU
		{D28EF439-551C-4BC0-B174-48432A0C89F1}.Release|Any CPU.Build.0 = Release|Any CPU
	EndGlobalSection
	GlobalSection(SolutionProperties) = preSolution
		HideSolutionNode = FALSE
	EndGlobalSection
	GlobalSection(ExtensibilityGlobals) = postSolution
		SolutionGuid = {428D8D1E-EF18-403F-A86F-9098E4879FDB}
	EndGlobalSection
EndGlobal
